
Microsoft Visual Studio Solution File, Format Version 12.00
# Visual Studio 15
VisualStudioVersion = 15.0.27703.2042
MinimumVisualStudioVersion = 10.0.40219.1
Project("{FAE04EC0-301F-11D3-BF4B-00C04F79EFBC}") = "TestAppSharePlugin.Android", "TestAppSharePlugin\TestAppSharePlugin.Android\TestAppSharePlugin.Android.csproj", "{FE471DBC-BE57-4FA9-BB9D-E8DE7EB3925B}"
EndProject
Project("{FAE04EC0-301F-11D3-BF4B-00C04F79EFBC}") = "TestAppSharePlugin.iOS", "TestAppSharePlugin\TestAppSharePlugin.iOS\TestAppSharePlugin.iOS.csproj", "{1BB95FC6-2061-4A0D-9504-8DFB4861F7B0}"
EndProject
Project("{FAE04EC0-301F-11D3-BF4B-00C04F79EFBC}") = "TestAppSharePlugin", "TestAppSharePlugin\TestAppSharePlugin\TestAppSharePlugin.csproj", "{D75D299F-976C-4219-B449-D5900E6F57CA}"
EndProject
Global
	GlobalSection(SolutionConfigurationPlatforms) = preSolution
		Ad-Hoc|Any CPU = Ad-Hoc|Any CPU
		Ad-Hoc|iPhone = Ad-Hoc|iPhone
		Ad-Hoc|iPhoneSimulator = Ad-Hoc|iPhoneSimulator
		AppStore|Any CPU = AppStore|Any CPU
		AppStore|iPhone = AppStore|iPhone
		AppStore|iPhoneSimulator = AppStore|iPhoneSimulator
		Debug|Any CPU = Debug|Any CPU
		Debug|iPhone = Debug|iPhone
		Debug|iPhoneSimulator = Debug|iPhoneSimulator
		Release|Any CPU = Release|Any CPU
		Release|iPhone = Release|iPhone
		Release|iPhoneSimulator = Release|iPhoneSimulator
	EndGlobalSection
	GlobalSection(ProjectConfigurationPlatforms) = postSolution
		{FE471DBC-BE57-4FA9-BB9D-E8DE7EB3925B}.Ad-Hoc|Any CPU.ActiveCfg = Release|Any CPU
		{FE471DBC-BE57-4FA9-BB9D-E8DE7EB3925B}.Ad-Hoc|Any CPU.Build.0 = Release|Any CPU
		{FE471DBC-BE57-4FA9-BB9D-E8DE7EB3925B}.Ad-Hoc|Any CPU.Deploy.0 = Release|Any CPU
		{FE471DBC-BE57-4FA9-BB9D-E8DE7EB3925B}.Ad-Hoc|iPhone.ActiveCfg = Release|Any CPU
		{FE471DBC-BE57-4FA9-BB9D-E8DE7EB3925B}.Ad-Hoc|iPhone.Build.0 = Release|Any CPU
		{FE471DBC-BE57-4FA9-BB9D-E8DE7EB3925B}.Ad-Hoc|iPhone.Deploy.0 = Release|Any CPU
		{FE471DBC-BE57-4FA9-BB9D-E8DE7EB3925B}.Ad-Hoc|iPhoneSimulator.ActiveCfg = Release|Any CPU
		{FE471DBC-BE57-4FA9-BB9D-E8DE7EB3925B}.Ad-Hoc|iPhoneSimulator.Build.0 = Release|Any CPU
		{FE471DBC-BE57-4FA9-BB9D-E8DE7EB3925B}.Ad-Hoc|iPhoneSimulator.Deploy.0 = Release|Any CPU
		{FE471DBC-BE57-4FA9-BB9D-E8DE7EB3925B}.AppStore|Any CPU.ActiveCfg = Release|Any CPU
		{FE471DBC-BE57-4FA9-BB9D-E8DE7EB3925B}.AppStore|Any CPU.Build.0 = Release|Any CPU
		{FE471DBC-BE57-4FA9-BB9D-E8DE7EB3925B}.AppStore|Any CPU.Deploy.0 = Release|Any CPU
		{FE471DBC-BE57-4FA9-BB9D-E8DE7EB3925B}.AppStore|iPhone.ActiveCfg = Release|Any CPU
		{FE471DBC-BE57-4FA9-BB9D-E8DE7EB3925B}.AppStore|iPhone.Build.0 = Release|Any CPU
		{FE471DBC-BE57-4FA9-BB9D-E8DE7EB3925B}.AppStore|iPhone.Deploy.0 = Release|Any CPU
		{FE471DBC-BE57-4FA9-BB9D-E8DE7EB3925B}.AppStore|iPhoneSimulator.ActiveCfg = Release|Any CPU
		{FE471DBC-BE57-4FA9-BB9D-E8DE7EB3925B}.AppStore|iPhoneSimulator.Build.0 = Release|Any CPU
		{FE471DBC-BE57-4FA9-BB9D-E8DE7EB3925B}.AppStore|iPhoneSimulator.Deploy.0 = Release|Any CPU
		{FE471DBC-BE57-4FA9-BB9D-E8DE7EB3925B}.Debug|Any CPU.ActiveCfg = Debug|Any CPU
		{FE471DBC-BE57-4FA9-BB9D-E8DE7EB3925B}.Debug|Any CPU.Build.0 = Debug|Any CPU
		{FE471DBC-BE57-4FA9-BB9D-E8DE7EB3925B}.Debug|Any CPU.Deploy.0 = Debug|Any CPU
		{FE471DBC-BE57-4FA9-BB9D-E8DE7EB3925B}.Debug|iPhone.ActiveCfg = Debug|Any CPU
		{FE471DBC-BE57-4FA9-BB9D-E8DE7EB3925B}.Debug|iPhone.Build.0 = Debug|Any CPU
		{FE471DBC-BE57-4FA9-BB9D-E8DE7EB3925B}.Debug|iPhone.Deploy.0 = Debug|Any CPU
		{FE471DBC-BE57-4FA9-BB9D-E8DE7EB3925B}.Debug|iPhoneSimulator.ActiveCfg = Debug|Any CPU
		{FE471DBC-BE57-4FA9-BB9D-E8DE7EB3925B}.Debug|iPhoneSimulator.Build.0 = Debug|Any CPU
		{FE471DBC-BE57-4FA9-BB9D-E8DE7EB3925B}.Debug|iPhoneSimulator.Deploy.0 = Debug|Any CPU
		{FE471DBC-BE57-4FA9-BB9D-E8DE7EB3925B}.Release|Any CPU.ActiveCfg = Release|Any CPU
		{FE471DBC-BE57-4FA9-BB9D-E8DE7EB3925B}.Release|Any CPU.Build.0 = Release|Any CPU
		{FE471DBC-BE57-4FA9-BB9D-E8DE7EB3925B}.Release|Any CPU.Deploy.0 = Release|Any CPU
		{FE471DBC-BE57-4FA9-BB9D-E8DE7EB3925B}.Release|iPhone.ActiveCfg = Release|Any CPU
		{FE471DBC-BE57-4FA9-BB9D-E8DE7EB3925B}.Release|iPhone.Build.0 = Release|Any CPU
		{FE471DBC-BE57-4FA9-BB9D-E8DE7EB3925B}.Release|iPhone.Deploy.0 = Release|Any CPU
		{FE471DBC-BE57-4FA9-BB9D-E8DE7EB3925B}.Release|iPhoneSimulator.ActiveCfg = Release|Any CPU
		{FE471DBC-BE57-4FA9-BB9D-E8DE7EB3925B}.Release|iPhoneSimulator.Build.0 = Release|Any CPU
		{FE471DBC-BE57-4FA9-BB9D-E8DE7EB3925B}.Release|iPhoneSimulator.Deploy.0 = Release|Any CPU
		{1BB95FC6-2061-4A0D-9504-8DFB4861F7B0}.Ad-Hoc|Any CPU.ActiveCfg = Ad-Hoc|iPhone
		{1BB95FC6-2061-4A0D-9504-8DFB4861F7B0}.Ad-Hoc|Any CPU.Build.0 = Ad-Hoc|iPhone
		{1BB95FC6-2061-4A0D-9504-8DFB4861F7B0}.Ad-Hoc|Any CPU.Deploy.0 = Ad-Hoc|iPhone
		{1BB95FC6-2061-4A0D-9504-8DFB4861F7B0}.Ad-Hoc|iPhone.ActiveCfg = Ad-Hoc|iPhone
		{1BB95FC6-2061-4A0D-9504-8DFB4861F7B0}.Ad-Hoc|iPhone.Build.0 = Ad-Hoc|iPhone
		{1BB95FC6-2061-4A0D-9504-8DFB4861F7B0}.Ad-Hoc|iPhone.Deploy.0 = Ad-Hoc|iPhone
		{1BB95FC6-2061-4A0D-9504-8DFB4861F7B0}.Ad-Hoc|iPhoneSimulator.ActiveCfg = Ad-Hoc|iPhoneSimulator
		{1BB95FC6-2061-4A0D-9504-8DFB4861F7B0}.Ad-Hoc|iPhoneSimulator.Build.0 = Ad-Hoc|iPhoneSimulator
		{1BB95FC6-2061-4A0D-9504-8DFB4861F7B0}.Ad-Hoc|iPhoneSimulator.Deploy.0 = Ad-Hoc|iPhoneSimulator
		{1BB95FC6-2061-4A0D-9504-8DFB4861F7B0}.AppStore|Any CPU.ActiveCfg = AppStore|iPhone
		{1BB95FC6-2061-4A0D-9504-8DFB4861F7B0}.AppStore|Any CPU.Build.0 = AppStore|iPhone
		{1BB95FC6-2061-4A0D-9504-8DFB4861F7B0}.AppStore|Any CPU.Deploy.0 = AppStore|iPhone
		{1BB95FC6-2061-4A0D-9504-8DFB4861F7B0}.AppStore|iPhone.ActiveCfg = AppStore|iPhone
		{1BB95FC6-2061-4A0D-9504-8DFB4861F7B0}.AppStore|iPhone.Build.0 = AppStore|iPhone
		{1BB95FC6-2061-4A0D-9504-8DFB4861F7B0}.AppStore|iPhone.Deploy.0 = AppStore|iPhone
		{1BB95FC6-2061-4A0D-9504-8DFB4861F7B0}.AppStore|iPhoneSimulator.ActiveCfg = AppStore|iPhoneSimulator
		{1BB95FC6-2061-4A0D-9504-8DFB4861F7B0}.AppStore|iPhoneSimulator.Build.0 = AppStore|iPhoneSimulator
		{1BB95FC6-2061-4A0D-9504-8DFB4861F7B0}.AppStore|iPhoneSimulator.Deploy.0 = AppStore|iPhoneSimulator
		{1BB95FC6-2061-4A0D-9504-8DFB4861F7B0}.Debug|Any CPU.ActiveCfg = Debug|iPhoneSimulator
		{1BB95FC6-2061-4A0D-9504-8DFB4861F7B0}.Debug|Any CPU.Build.0 = Debug|iPhoneSimulator
		{1BB95FC6-2061-4A0D-9504-8DFB4861F7B0}.Debug|Any CPU.Deploy.0 = Debug|iPhoneSimulator
		{1BB95FC6-2061-4A0D-9504-8DFB4861F7B0}.Debug|iPhone.ActiveCfg = Debug|iPhone
		{1BB95FC6-2061-4A0D-9504-8DFB4861F7B0}.Debug|iPhone.Build.0 = Debug|iPhone
		{1BB95FC6-2061-4A0D-9504-8DFB4861F7B0}.Debug|iPhone.Deploy.0 = Debug|iPhone
		{1BB95FC6-2061-4A0D-9504-8DFB4861F7B0}.Debug|iPhoneSimulator.ActiveCfg = Debug|iPhoneSimulator
		{1BB95FC6-2061-4A0D-9504-8DFB4861F7B0}.Debug|iPhoneSimulator.Build.0 = Debug|iPhoneSimulator
		{1BB95FC6-2061-4A0D-9504-8DFB4861F7B0}.Debug|iPhoneSimulator.Deploy.0 = Debug|iPhoneSimulator
		{1BB95FC6-2061-4A0D-9504-8DFB4861F7B0}.Release|Any CPU.ActiveCfg = Release|iPhone
		{1BB95FC6-2061-4A0D-9504-8DFB4861F7B0}.Release|Any CPU.Build.0 = Release|iPhone
		{1BB95FC6-2061-4A0D-9504-8DFB4861F7B0}.Release|Any CPU.Deploy.0 = Release|iPhone
		{1BB95FC6-2061-4A0D-9504-8DFB4861F7B0}.Release|iPhone.ActiveCfg = Release|iPhone
		{1BB95FC6-2061-4A0D-9504-8DFB4861F7B0}.Release|iPhone.Build.0 = Release|iPhone
		{1BB95FC6-2061-4A0D-9504-8DFB4861F7B0}.Release|iPhone.Deploy.0 = Release|iPhone
		{1BB95FC6-2061-4A0D-9504-8DFB4861F7B0}.Release|iPhoneSimulator.ActiveCfg = Release|iPhoneSimulator
		{1BB95FC6-2061-4A0D-9504-8DFB4861F7B0}.Release|iPhoneSimulator.Build.0 = Release|iPhoneSimulator
		{1BB95FC6-2061-4A0D-9504-8DFB4861F7B0}.Release|iPhoneSimulator.Deploy.0 = Release|iPhoneSimulator
		{D75D299F-976C-4219-B449-D5900E6F57CA}.Ad-Hoc|Any CPU.ActiveCfg = Debug|Any CPU
		{D75D299F-976C-4219-B449-D5900E6F57CA}.Ad-Hoc|Any CPU.Build.0 = Debug|Any CPU
		{D75D299F-976C-4219-B449-D5900E6F57CA}.Ad-Hoc|Any CPU.Deploy.0 = Debug|Any CPU
		{D75D299F-976C-4219-B449-D5900E6F57CA}.Ad-Hoc|iPhone.ActiveCfg = Debug|Any CPU
		{D75D299F-976C-4219-B449-D5900E6F57CA}.Ad-Hoc|iPhone.Build.0 = Debug|Any CPU
		{D75D299F-976C-4219-B449-D5900E6F57CA}.Ad-Hoc|iPhone.Deploy.0 = Debug|Any CPU
		{D75D299F-976C-4219-B449-D5900E6F57CA}.Ad-Hoc|iPhoneSimulator.ActiveCfg = Debug|Any CPU
		{D75D299F-976C-4219-B449-D5900E6F57CA}.Ad-Hoc|iPhoneSimulator.Build.0 = Debug|Any CPU
		{D75D299F-976C-4219-B449-D5900E6F57CA}.Ad-Hoc|iPhoneSimulator.Deploy.0 = Debug|Any CPU
		{D75D299F-976C-4219-B449-D5900E6F57CA}.AppStore|Any CPU.ActiveCfg = Debug|Any CPU
		{D75D299F-976C-4219-B449-D5900E6F57CA}.AppStore|Any CPU.Build.0 = Debug|Any CPU
		{D75D299F-976C-4219-B449-D5900E6F57CA}.AppStore|Any CPU.Deploy.0 = Debug|Any CPU
		{D75D299F-976C-4219-B449-D5900E6F57CA}.AppStore|iPhone.ActiveCfg = Debug|Any CPU
		{D75D299F-976C-4219-B449-D5900E6F57CA}.AppStore|iPhone.Build.0 = Debug|Any CPU
		{D75D299F-976C-4219-B449-D5900E6F57CA}.AppStore|iPhone.Deploy.0 = Debug|Any CPU
		{D75D299F-976C-4219-B449-D5900E6F57CA}.AppStore|iPhoneSimulator.ActiveCfg = Debug|Any CPU
		{D75D299F-976C-4219-B449-D5900E6F57CA}.AppStore|iPhoneSimulator.Build.0 = Debug|Any CPU
		{D75D299F-976C-4219-B449-D5900E6F57CA}.AppStore|iPhoneSimulator.Deploy.0 = Debug|Any CPU
		{D75D299F-976C-4219-B449-D5900E6F57CA}.Debug|Any CPU.ActiveCfg = Debug|Any CPU
		{D75D299F-976C-4219-B449-D5900E6F57CA}.Debug|Any CPU.Build.0 = Debug|Any CPU
		{D75D299F-976C-4219-B449-D5900E6F57CA}.Debug|Any CPU.Deploy.0 = Debug|Any CPU
		{D75D299F-976C-4219-B449-D5900E6F57CA}.Debug|iPhone.ActiveCfg = Debug|Any CPU
		{D75D299F-976C-4219-B449-D5900E6F57CA}.Debug|iPhone.Build.0 = Debug|Any CPU
		{D75D299F-976C-4219-B449-D5900E6F57CA}.Debug|iPhone.Deploy.0 = Debug|Any CPU
		{D75D299F-976C-4219-B449-D5900E6F57CA}.Debug|iPhoneSimulator.ActiveCfg = Debug|Any CPU
		{D75D299F-976C-4219-B449-D5900E6F57CA}.Debug|iPhoneSimulator.Build.0 = Debug|Any CPU
		{D75D299F-976C-4219-B449-D5900E6F57CA}.Debug|iPhoneSimulator.Deploy.0 = Debug|Any CPU
		{D75D299F-976C-4219-B449-D5900E6F57CA}.Release|Any CPU.ActiveCfg = Release|Any CPU
		{D75D299F-976C-4219-B449-D5900E6F57CA}.Release|Any CPU.Build.0 = Release|Any CPU
		{D75D299F-976C-4219-B449-D5900E6F57CA}.Release|Any CPU.Deploy.0 = Release|Any CPU
		{D75D299F-976C-4219-B449-D5900E6F57CA}.Release|iPhone.ActiveCfg = Release|Any CPU
		{D75D299F-976C-4219-B449-D5900E6F57CA}.Release|iPhone.Build.0 = Release|Any CPU
		{D75D299F-976C-4219-B449-D5900E6F57CA}.Release|iPhone.Deploy.0 = Release|Any CPU
		{D75D299F-976C-4219-B449-D5900E6F57CA}.Release|iPhoneSimulator.ActiveCfg = Release|Any CPU
		{D75D299F-976C-4219-B449-D5900E6F57CA}.Release|iPhoneSimulator.Build.0 = Release|Any CPU
		{D75D299F-976C-4219-B449-D5900E6F57CA}.Release|iPhoneSimulator.Deploy.0 = Release|Any CPU
	EndGlobalSection
	GlobalSection(SolutionProperties) = preSolution
		HideSolutionNode = FALSE
	EndGlobalSection
	GlobalSection(ExtensibilityGlobals) = postSolution
		SolutionGuid = {173542B4-434D-4503-8CA6-0327FE94EAED}
	EndGlobalSection
EndGlobal
